
Microsoft Visual Studio Solution File, Format Version 12.00
# Visual Studio Version 17
VisualStudioVersion = 17.9.34728.123
MinimumVisualStudioVersion = 10.0.40219.1
Project("{9A19103F-16F7-4668-BE54-9A1E7A4F7556}") = "MusicTool", "MusicTool\MusicTool.csproj", "{E3189A0E-260B-4F04-B959-C3681A008E05}"
EndProject
Project("{9A19103F-16F7-4668-BE54-9A1E7A4F7556}") = "MusicTool.DataAccess", "MusicTool.DataAcess\MusicTool.DataAccess.csproj", "{5E3CE87D-2A5E-4B2D-BC78-FEAAA920942F}"
EndProject
Project("{9A19103F-16F7-4668-BE54-9A1E7A4F7556}") = "MusicTool.Models", "MusicTool.Model\MusicTool.Models.csproj", "{54AAF878-0FB2-435D-8DE8-3A8691819EE9}"
EndProject
Project("{9A19103F-16F7-4668-BE54-9A1E7A4F7556}") = "MusicTool.Utility", "MusicTool.Utility\MusicTool.Utility.csproj", "{381C5E72-9A30-4A0B-98E0-AE404E2EF754}"
EndProject
Global
	GlobalSection(SolutionConfigurationPlatforms) = preSolution
		Debug|Any CPU = Debug|Any CPU
		Release|Any CPU = Release|Any CPU
	EndGlobalSection
	GlobalSection(ProjectConfigurationPlatforms) = postSolution
		{E3189A0E-260B-4F04-B959-C3681A008E05}.Debug|Any CPU.ActiveCfg = Debug|Any CPU
		{E3189A0E-260B-4F04-B959-C3681A008E05}.Debug|Any CPU.Build.0 = Debug|Any CPU
		{E3189A0E-260B-4F04-B959-C3681A008E05}.Release|Any CPU.ActiveCfg = Release|Any CPU
		{E3189A0E-260B-4F04-B959-C3681A008E05}.Release|Any CPU.Build.0 = Release|Any CPU
		{5E3CE87D-2A5E-4B2D-BC78-FEAAA920942F}.Debug|Any CPU.ActiveCfg = Debug|Any CPU
		{5E3CE87D-2A5E-4B2D-BC78-FEAAA920942F}.Debug|Any CPU.Build.0 = Debug|Any CPU
		{5E3CE87D-2A5E-4B2D-BC78-FEAAA920942F}.Release|Any CPU.ActiveCfg = Release|Any CPU
		{5E3CE87D-2A5E-4B2D-BC78-FEAAA920942F}.Release|Any CPU.Build.0 = Release|Any CPU
		{54AAF878-0FB2-435D-8DE8-3A8691819EE9}.Debug|Any CPU.ActiveCfg = Debug|Any CPU
		{54AAF878-0FB2-435D-8DE8-3A8691819EE9}.Debug|Any CPU.Build.0 = Debug|Any CPU
		{54AAF878-0FB2-435D-8DE8-3A8691819EE9}.Release|Any CPU.ActiveCfg = Release|Any CPU
		{54AAF878-0FB2-435D-8DE8-3A8691819EE9}.Release|Any CPU.Build.0 = Release|Any CPU
		{381C5E72-9A30-4A0B-98E0-AE404E2EF754}.Debug|Any CPU.ActiveCfg = Debug|Any CPU
		{381C5E72-9A30-4A0B-98E0-AE404E2EF754}.Debug|Any CPU.Build.0 = Debug|Any CPU
		{381C5E72-9A30-4A0B-98E0-AE404E2EF754}.Release|Any CPU.ActiveCfg = Release|Any CPU
		{381C5E72-9A30-4A0B-98E0-AE404E2EF754}.Release|Any CPU.Build.0 = Release|Any CPU
	EndGlobalSection
	GlobalSection(SolutionProperties) = preSolution
		HideSolutionNode = FALSE
	EndGlobalSection
	GlobalSection(ExtensibilityGlobals) = postSolution
		SolutionGuid = {3C7E08C1-73F9-40A3-A415-DCA71B3AC49D}
	EndGlobalSection
EndGlobal
