
Microsoft Visual Studio Solution File, Format Version 12.00
# Visual Studio Version 17
VisualStudioVersion = 17.5.002.0
MinimumVisualStudioVersion = 10.0.40219.1
Project("{9A19103F-16F7-4668-BE54-9A1E7A4F7556}") = "MusicTool", "MusicTool.csproj", "{2118F6B8-B540-4AFA-8EA0-4B4E76F5CDCB}"
EndProject
Global
	GlobalSection(SolutionConfigurationPlatforms) = preSolution
		Debug|Any CPU = Debug|Any CPU
		Release|Any CPU = Release|Any CPU
	EndGlobalSection
	GlobalSection(ProjectConfigurationPlatforms) = postSolution
		{2118F6B8-B540-4AFA-8EA0-4B4E76F5CDCB}.Debug|Any CPU.ActiveCfg = Debug|Any CPU
		{2118F6B8-B540-4AFA-8EA0-4B4E76F5CDCB}.Debug|Any CPU.Build.0 = Debug|Any CPU
		{2118F6B8-B540-4AFA-8EA0-4B4E76F5CDCB}.Release|Any CPU.ActiveCfg = Release|Any CPU
		{2118F6B8-B540-4AFA-8EA0-4B4E76F5CDCB}.Release|Any CPU.Build.0 = Release|Any CPU
	EndGlobalSection
	GlobalSection(SolutionProperties) = preSolution
		HideSolutionNode = FALSE
	EndGlobalSection
	GlobalSection(ExtensibilityGlobals) = postSolution
		SolutionGuid = {488B9EDE-938E-4672-9865-54128BB65CBB}
	EndGlobalSection
EndGlobal
